// !$*UTF8*$!
{
	archiveVersion = 1;
	classes = {
	};
	objectVersion = 46;
	objects = {

/* Begin PBXBuildFile section */
		FB0412921A49BAB1008BA788 /* main.m in Sources */ = {isa = PBXBuildFile; fileRef = FB0412911A49BAB1008BA788 /* main.m */; };
		FB0412A91A49C464008BA788 /* CBCBrewDay.m in Sources */ = {isa = PBXBuildFile; fileRef = FB0412A81A49C464008BA788 /* CBCBrewDay.m */; };
		FB0412AF1A49C4FC008BA788 /* CBCBrewComponents.m in Sources */ = {isa = PBXBuildFile; fileRef = FB0412AE1A49C4FC008BA788 /* CBCBrewComponents.m */; };
		FBA454CF1A49C55A003FCA13 /* CBCBrew.m in Sources */ = {isa = PBXBuildFile; fileRef = FBA454CE1A49C55A003FCA13 /* CBCBrew.m */; };
/* End PBXBuildFile section */

/* Begin PBXCopyFilesBuildPhase section */
		FB04128C1A49BAB1008BA788 /* CopyFiles */ = {
			isa = PBXCopyFilesBuildPhase;
			buildActionMask = 2147483647;
			dstPath = /usr/share/man/man1/;
			dstSubfolderSpec = 0;
			files = (
			);
			runOnlyForDeploymentPostprocessing = 1;
		};
/* End PBXCopyFilesBuildPhase section */

/* Begin PBXFileReference section */
		FB04128E1A49BAB1008BA788 /* Brewery */ = {isa = PBXFileReference; explicitFileType = "compiled.mach-o.executable"; includeInIndex = 0; path = Brewery; sourceTree = BUILT_PRODUCTS_DIR; };
		FB0412911A49BAB1008BA788 /* main.m */ = {isa = PBXFileReference; lastKnownFileType = sourcecode.c.objc; path = main.m; sourceTree = "<group>"; };
		FB0412A71A49C464008BA788 /* CBCBrewDay.h */ = {isa = PBXFileReference; fileEncoding = 4; lastKnownFileType = sourcecode.c.h; path = CBCBrewDay.h; sourceTree = "<group>"; };
		FB0412A81A49C464008BA788 /* CBCBrewDay.m */ = {isa = PBXFileReference; fileEncoding = 4; lastKnownFileType = sourcecode.c.objc; path = CBCBrewDay.m; sourceTree = "<group>"; };
		FB0412AD1A49C4FC008BA788 /* CBCBrewComponents.h */ = {isa = PBXFileReference; fileEncoding = 4; lastKnownFileType = sourcecode.c.h; path = CBCBrewComponents.h; sourceTree = "<group>"; };
		FB0412AE1A49C4FC008BA788 /* CBCBrewComponents.m */ = {isa = PBXFileReference; fileEncoding = 4; lastKnownFileType = sourcecode.c.objc; path = CBCBrewComponents.m; sourceTree = "<group>"; };
		FBA454CD1A49C55A003FCA13 /* CBCBrew.h */ = {isa = PBXFileReference; fileEncoding = 4; lastKnownFileType = sourcecode.c.h; path = CBCBrew.h; sourceTree = "<group>"; };
		FBA454CE1A49C55A003FCA13 /* CBCBrew.m */ = {isa = PBXFileReference; fileEncoding = 4; lastKnownFileType = sourcecode.c.objc; path = CBCBrew.m; sourceTree = "<group>"; };
/* End PBXFileReference section */

/* Begin PBXFrameworksBuildPhase section */
		FB04128B1A49BAB1008BA788 /* Frameworks */ = {
			isa = PBXFrameworksBuildPhase;
			buildActionMask = 2147483647;
			files = (
			);
			runOnlyForDeploymentPostprocessing = 0;
		};
/* End PBXFrameworksBuildPhase section */

/* Begin PBXGroup section */
		FB0412851A49BAB1008BA788 = {
			isa = PBXGroup;
			children = (
				FB0412901A49BAB1008BA788 /* Brewery */,
				FB04128F1A49BAB1008BA788 /* Products */,
			);
			sourceTree = "<group>";
		};
		FB04128F1A49BAB1008BA788 /* Products */ = {
			isa = PBXGroup;
			children = (
				FB04128E1A49BAB1008BA788 /* Brewery */,
			);
			name = Products;
			sourceTree = "<group>";
		};
		FB0412901A49BAB1008BA788 /* Brewery */ = {
			isa = PBXGroup;
			children = (
				FBA454CD1A49C55A003FCA13 /* CBCBrew.h */,
				FBA454CE1A49C55A003FCA13 /* CBCBrew.m */,
				FB0412AD1A49C4FC008BA788 /* CBCBrewComponents.h */,
				FB0412AE1A49C4FC008BA788 /* CBCBrewComponents.m */,
				FB0412A71A49C464008BA788 /* CBCBrewDay.h */,
				FB0412A81A49C464008BA788 /* CBCBrewDay.m */,
				FB0412911A49BAB1008BA788 /* main.m */,
			);
			path = Brewery;
			sourceTree = "<group>";
		};
/* End PBXGroup section */

/* Begin PBXNativeTarget section */
		FB04128D1A49BAB1008BA788 /* Brewery */ = {
			isa = PBXNativeTarget;
			buildConfigurationList = FB0412951A49BAB1008BA788 /* Build configuration list for PBXNativeTarget "Brewery" */;
			buildPhases = (
				FB04128A1A49BAB1008BA788 /* Sources */,
				FB04128B1A49BAB1008BA788 /* Frameworks */,
				FB04128C1A49BAB1008BA788 /* CopyFiles */,
			);
			buildRules = (
			);
			dependencies = (
			);
			name = Brewery;
			productName = Brewery;
			productReference = FB04128E1A49BAB1008BA788 /* Brewery */;
			productType = "com.apple.product-type.tool";
		};
/* End PBXNativeTarget section */

/* Begin PBXProject section */
		FB0412861A49BAB1008BA788 /* Project object */ = {
			isa = PBXProject;
			attributes = {
				CLASSPREFIX = CBC;
				LastUpgradeCheck = 0820;
				ORGANIZATIONNAME = "Sam Meadley";
				TargetAttributes = {
					FB04128D1A49BAB1008BA788 = {
						CreatedOnToolsVersion = 6.2;
					};
				};
			};
			buildConfigurationList = FB0412891A49BAB1008BA788 /* Build configuration list for PBXProject "Brewery" */;
			compatibilityVersion = "Xcode 3.2";
			developmentRegion = English;
			hasScannedForEncodings = 0;
			knownRegions = (
				en,
			);
			mainGroup = FB0412851A49BAB1008BA788;
			productRefGroup = FB04128F1A49BAB1008BA788 /* Products */;
			projectDirPath = "";
			projectRoot = "";
			targets = (
				FB04128D1A49BAB1008BA788 /* Brewery */,
			);
		};
/* End PBXProject section */

/* Begin PBXSourcesBuildPhase section */
		FB04128A1A49BAB1008BA788 /* Sources */ = {
			isa = PBXSourcesBuildPhase;
			buildActionMask = 2147483647;
			files = (
				FBA454CF1A49C55A003FCA13 /* CBCBrew.m in Sources */,
				FB0412A91A49C464008BA788 /* CBCBrewDay.m in Sources */,
				FB0412AF1A49C4FC008BA788 /* CBCBrewComponents.m in Sources */,
				FB0412921A49BAB1008BA788 /* main.m in Sources */,
			);
			runOnlyForDeploymentPostprocessing = 0;
		};
/* End PBXSourcesBuildPhase section */

/* Begin XCBuildConfiguration section */
		FB0412931A49BAB1008BA788 /* Debug */ = {
			isa = XCBuildConfiguration;
			buildSettings = {
				ALWAYS_SEARCH_USER_PATHS = NO;
				CLANG_CXX_LANGUAGE_STANDARD = "gnu++0x";
				CLANG_CXX_LIBRARY = "libc++";
				CLANG_ENABLE_MODULES = YES;
				CLANG_ENABLE_OBJC_ARC = YES;
				CLANG_WARN_BOOL_CONVERSION = YES;
				CLANG_WARN_CONSTANT_CONVERSION = YES;
				CLANG_WARN_DIRECT_OBJC_ISA_USAGE = YES_ERROR;
				CLANG_WARN_EMPTY_BODY = YES;
				CLANG_WARN_ENUM_CONVERSION = YES;
				CLANG_WARN_INFINITE_RECURSION = YES;
				CLANG_WARN_INT_CONVERSION = YES;
				CLANG_WARN_OBJC_ROOT_CLASS = YES_ERROR;
				CLANG_WARN_SUSPICIOUS_MOVE = YES;
				CLANG_WARN_UNREACHABLE_CODE = YES;
				CLANG_WARN__DUPLICATE_METHOD_MATCH = YES;
				COPY_PHASE_STRIP = NO;
				ENABLE_STRICT_OBJC_MSGSEND = YES;
				ENABLE_TESTABILITY = YES;
				GCC_C_LANGUAGE_STANDARD = gnu99;
				GCC_DYNAMIC_NO_PIC = NO;
				GCC_NO_COMMON_BLOCKS = YES;
				GCC_OPTIMIZATION_LEVEL = 0;
				GCC_PREPROCESSOR_DEFINITIONS = (
					"DEBUG=1",
					"$(inherited)",
				);
				GCC_SYMBOLS_PRIVATE_EXTERN = NO;
				GCC_WARN_64_TO_32_BIT_CONVERSION = YES;
				GCC_WARN_ABOUT_RETURN_TYPE = YES_ERROR;
				GCC_WARN_UNDECLARED_SELECTOR = YES;
				GCC_WARN_UNINITIALIZED_AUTOS = YES_AGGRESSIVE;
				GCC_WARN_UNUSED_FUNCTION = YES;
				GCC_WARN_UNUSED_VARIABLE = YES;
				MACOSX_DEPLOYMENT_TARGET = 10.10;
				MTL_ENABLE_DEBUG_INFO = YES;
				ONLY_ACTIVE_ARCH = YES;
				SDKROOT = macosx;
			};
			name = Debug;
		};
		FB0412941A49BAB1008BA788 /* Release */ = {
			isa = XCBuildConfiguration;
			buildSettings = {
				ALWAYS_SEARCH_USER_PATHS = NO;
				CLANG_CXX_LANGUAGE_STANDARD = "gnu++0x";
				CLANG_CXX_LIBRARY = "libc++";
				CLANG_ENABLE_MODULES = YES;
				CLANG_ENABLE_OBJC_ARC = YES;
				CLANG_WARN_BOOL_CONVERSION = YES;
				CLANG_WARN_CONSTANT_CONVERSION = YES;
				CLANG_WARN_DIRECT_OBJC_ISA_USAGE = YES_ERROR;
				CLANG_WARN_EMPTY_BODY = YES;
				CLANG_WARN_ENUM_CONVERSION = YES;
				CLANG_WARN_INFINITE_RECURSION = YES;
				CLANG_WARN_INT_CONVERSION = YES;
				CLANG_WARN_OBJC_ROOT_CLASS = YES_ERROR;
				CLANG_WARN_SUSPICIOUS_MOVE = YES;
				CLANG_WARN_UNREACHABLE_CODE = YES;
				CLANG_WARN__DUPLICATE_METHOD_MATCH = YES;
				COPY_PHASE_STRIP = YES;
				DEBUG_INFORMATION_FORMAT = "dwarf-with-dsym";
				ENABLE_NS_ASSERTIONS = NO;
				ENABLE_STRICT_OBJC_MSGSEND = YES;
				GCC_C_LANGUAGE_STANDARD = gnu99;
				GCC_NO_COMMON_BLOCKS = YES;
				GCC_WARN_64_TO_32_BIT_CONVERSION = YES;
				GCC_WARN_ABOUT_RETURN_TYPE = YES_ERROR;
				GCC_WARN_UNDECLARED_SELECTOR = YES;
				GCC_WARN_UNINITIALIZED_AUTOS = YES_AGGRESSIVE;
				GCC_WARN_UNUSED_FUNCTION = YES;
				GCC_WARN_UNUSED_VARIABLE = YES;
				MACOSX_DEPLOYMENT_TARGET = 10.10;
				MTL_ENABLE_DEBUG_INFO = NO;
				SDKROOT = macosx;
			};
			name = Release;
		};
		FB0412961A49BAB1008BA788 /* Debug */ = {
			isa = XCBuildConfiguration;
			buildSettings = {
				PRODUCT_NAME = "$(TARGET_NAME)";
			};
			name = Debug;
		};
		FB0412971A49BAB1008BA788 /* Release */ = {
			isa = XCBuildConfiguration;
			buildSettings = {
				PRODUCT_NAME = "$(TARGET_NAME)";
			};
			name = Release;
		};
/* End XCBuildConfiguration section */

/* Begin XCConfigurationList section */
		FB0412891A49BAB1008BA788 /* Build configuration list for PBXProject "Brewery" */ = {
			isa = XCConfigurationList;
			buildConfigurations = (
				FB0412931A49BAB1008BA788 /* Debug */,
				FB0412941A49BAB1008BA788 /* Release */,
			);
			defaultConfigurationIsVisible = 0;
			defaultConfigurationName = Release;
		};
		FB0412951A49BAB1008BA788 /* Build configuration list for PBXNativeTarget "Brewery" */ = {
			isa = XCConfigurationList;
			buildConfigurations = (
				FB0412961A49BAB1008BA788 /* Debug */,
				FB0412971A49BAB1008BA788 /* Release */,
			);
			defaultConfigurationIsVisible = 0;
			defaultConfigurationName = Release;
		};
/* End XCConfigurationList section */
	};
	rootObject = FB0412861A49BAB1008BA788 /* Project object */;
}
